{
  "originHash" : "d43177eb52c955e5803e891ea229628986ca526c9a71ba79bf33066f64997a8c",
  "pins" : [
    {
      "identity" : "fluidaudio",
      "kind" : "remoteSourceControl",
      "location" : "https://github.com/FluidInference/FluidAudio.git",
      "state" : {
        "revision" : "21493f8dac5a97e65742e6ff26f42f164c2fda0f",
        "version" : "0.17.4"
      }
    },
    {
      "identity" : "onnxruntime-swift-package-manager",
      "kind" : "remoteSourceControl",
      "location" : "https://github.com/microsoft/onnxruntime-swift-package-manager",
      "state" : {
        "revision" : "bbc428e168a0374eb7d0503cdb7c73fdc1d99751",
        "version" : "1.19.2"
      }
    }
  ],
  "version" : 3
}
